// !$*UTF8*$!
{
	archiveVersion = 1;
	classes = {
	};
	objectVersion = 46;
	objects = {

/* Begin PBXBuildFile section */
		29F0BC5E1F826BDF003CA75A /* AppDelegate.swift in Sources */ = {isa = PBXBuildFile; fileRef = 29F0BC5D1F826BDF003CA75A /* AppDelegate.swift */; };
		29F0BC601F826BDF003CA75A /* ViewController.swift in Sources */ = {isa = PBXBuildFile; fileRef = 29F0BC5F1F826BDF003CA75A /* ViewController.swift */; };
		29F0BC631F826BDF003CA75A /* Main.storyboard in Resources */ = {isa = PBXBuildFile; fileRef = 29F0BC611F826BDF003CA75A /* Main.storyboard */; };
		29F0BC651F826BDF003CA75A /* Assets.xcassets in Resources */ = {isa = PBXBuildFile; fileRef = 29F0BC641F826BDF003CA75A /* Assets.xcassets */; };
		29F0BC681F826BDF003CA75A /* LaunchScreen.storyboard in Resources */ = {isa = PBXBuildFile; fileRef = 29F0BC661F826BDF003CA75A /* LaunchScreen.storyboard */; };
		29F0BC721F826EFC003CA75A /* AddGeotificationViewController.swift in Sources */ = {isa = PBXBuildFile; fileRef = 29F0BC711F826EFC003CA75A /* AddGeotificationViewController.swift */; };
		29F0BC751F827015003CA75A /* MapKit.framework in Frameworks */ = {isa = PBXBuildFile; fileRef = 29F0BC741F827015003CA75A /* MapKit.framework */; };
/* End PBXBuildFile section */

/* Begin PBXFileReference section */
		29F0BC5A1F826BDF003CA75A /* Geotify.app */ = {isa = PBXFileReference; explicitFileType = wrapper.application; includeInIndex = 0; path = Geotify.app; sourceTree = BUILT_PRODUCTS_DIR; };
		29F0BC5D1F826BDF003CA75A /* AppDelegate.swift */ = {isa = PBXFileReference; lastKnownFileType = sourcecode.swift; path = AppDelegate.swift; sourceTree = "<group>"; };
		29F0BC5F1F826BDF003CA75A /* ViewController.swift */ = {isa = PBXFileReference; lastKnownFileType = sourcecode.swift; path = ViewController.swift; sourceTree = "<group>"; };
		29F0BC621F826BDF003CA75A /* Base */ = {isa = PBXFileReference; lastKnownFileType = file.storyboard; name = Base; path = Base.lproj/Main.storyboard; sourceTree = "<group>"; };
		29F0BC641F826BDF003CA75A /* Assets.xcassets */ = {isa = PBXFileReference; lastKnownFileType = folder.assetcatalog; path = Assets.xcassets; sourceTree = "<group>"; };
		29F0BC671F826BDF003CA75A /* Base */ = {isa = PBXFileReference; lastKnownFileType = file.storyboard; name = Base; path = Base.lproj/LaunchScreen.storyboard; sourceTree = "<group>"; };
		29F0BC691F826BDF003CA75A /* Info.plist */ = {isa = PBXFileReference; lastKnownFileType = text.plist.xml; path = Info.plist; sourceTree = "<group>"; };
		29F0BC711F826EFC003CA75A /* AddGeotificationViewController.swift */ = {isa = PBXFileReference; fileEncoding = 4; lastKnownFileType = sourcecode.swift; path = AddGeotificationViewController.swift; sourceTree = "<group>"; };
		29F0BC741F827015003CA75A /* MapKit.framework */ = {isa = PBXFileReference; lastKnownFileType = wrapper.framework; name = MapKit.framework; path = System/Library/Frameworks/MapKit.framework; sourceTree = SDKROOT; };
/* End PBXFileReference section */

/* Begin PBXFrameworksBuildPhase section */
		29F0BC571F826BDF003CA75A /* Frameworks */ = {
			isa = PBXFrameworksBuildPhase;
			buildActionMask = 2147483647;
			files = (
				29F0BC751F827015003CA75A /* MapKit.framework in Frameworks */,
			);
			runOnlyForDeploymentPostprocessing = 0;
		};
/* End PBXFrameworksBuildPhase section */

/* Begin PBXGroup section */
		29F0BC511F826BDF003CA75A = {
			isa = PBXGroup;
			children = (
				29F0BC5C1F826BDF003CA75A /* Geotify */,
				29F0BC5B1F826BDF003CA75A /* Products */,
				29F0BC731F827015003CA75A /* Frameworks */,
			);
			sourceTree = "<group>";
		};
		29F0BC5B1F826BDF003CA75A /* Products */ = {
			isa = PBXGroup;
			children = (
				29F0BC5A1F826BDF003CA75A /* Geotify.app */,
			);
			name = Products;
			sourceTree = "<group>";
		};
		29F0BC5C1F826BDF003CA75A /* Geotify */ = {
			isa = PBXGroup;
			children = (
				29F0BC5D1F826BDF003CA75A /* AppDelegate.swift */,
				29F0BC5F1F826BDF003CA75A /* ViewController.swift */,
				29F0BC611F826BDF003CA75A /* Main.storyboard */,
				29F0BC641F826BDF003CA75A /* Assets.xcassets */,
				29F0BC661F826BDF003CA75A /* LaunchScreen.storyboard */,
				29F0BC691F826BDF003CA75A /* Info.plist */,
				29F0BC711F826EFC003CA75A /* AddGeotificationViewController.swift */,
			);
			path = Geotify;
			sourceTree = "<group>";
		};
		29F0BC731F827015003CA75A /* Frameworks */ = {
			isa = PBXGroup;
			children = (
				29F0BC741F827015003CA75A /* MapKit.framework */,
			);
			name = Frameworks;
			sourceTree = "<group>";
		};
/* End PBXGroup section */

/* Begin PBXNativeTarget section */
		29F0BC591F826BDF003CA75A /* Geotify */ = {
			isa = PBXNativeTarget;
			buildConfigurationList = 29F0BC6C1F826BDF003CA75A /* Build configuration list for PBXNativeTarget "Geotify" */;
			buildPhases = (
				29F0BC561F826BDF003CA75A /* Sources */,
				29F0BC571F826BDF003CA75A /* Frameworks */,
				29F0BC581F826BDF003CA75A /* Resources */,
			);
			buildRules = (
			);
			dependencies = (
			);
			name = Geotify;
			productName = Geotify;
			productReference = 29F0BC5A1F826BDF003CA75A /* Geotify.app */;
			productType = "com.apple.product-type.application";
		};
/* End PBXNativeTarget section */

/* Begin PBXProject section */
		29F0BC521F826BDF003CA75A /* Project object */ = {
			isa = PBXProject;
			attributes = {
				LastSwiftUpdateCheck = 0830;
				LastUpgradeCheck = 0830;
				ORGANIZATIONNAME = "Joel Hollingsworth";
				TargetAttributes = {
					29F0BC591F826BDF003CA75A = {
						CreatedOnToolsVersion = 8.3.3;
						ProvisioningStyle = Automatic;
					};
				};
			};
			buildConfigurationList = 29F0BC551F826BDF003CA75A /* Build configuration list for PBXProject "Geotify" */;
			compatibilityVersion = "Xcode 3.2";
			developmentRegion = English;
			hasScannedForEncodings = 0;
			knownRegions = (
				en,
				Base,
			);
			mainGroup = 29F0BC511F826BDF003CA75A;
			productRefGroup = 29F0BC5B1F826BDF003CA75A /* Products */;
			projectDirPath = "";
			projectRoot = "";
			targets = (
				29F0BC591F826BDF003CA75A /* Geotify */,
			);
		};
/* End PBXProject section */

/* Begin PBXResourcesBuildPhase section */
		29F0BC581F826BDF003CA75A /* Resources */ = {
			isa = PBXResourcesBuildPhase;
			buildActionMask = 2147483647;
			files = (
				29F0BC681F826BDF003CA75A /* LaunchScreen.storyboard in Resources */,
				29F0BC651F826BDF003CA75A /* Assets.xcassets in Resources */,
				29F0BC631F826BDF003CA75A /* Main.storyboard in Resources */,
			);
			runOnlyForDeploymentPostprocessing = 0;
		};
/* End PBXResourcesBuildPhase section */

/* Begin PBXSourcesBuildPhase section */
		29F0BC561F826BDF003CA75A /* Sources */ = {
			isa = PBXSourcesBuildPhase;
			buildActionMask = 2147483647;
			files = (
				29F0BC721F826EFC003CA75A /* AddGeotificationViewController.swift in Sources */,
				29F0BC601F826BDF003CA75A /* ViewController.swift in Sources */,
				29F0BC5E1F826BDF003CA75A /* AppDelegate.swift in Sources */,
			);
			runOnlyForDeploymentPostprocessing = 0;
		};
/* End PBXSourcesBuildPhase section */

/* Begin PBXVariantGroup section */
		29F0BC611F826BDF003CA75A /* Main.storyboard */ = {
			isa = PBXVariantGroup;
			children = (
				29F0BC621F826BDF003CA75A /* Base */,
			);
			name = Main.storyboard;
			sourceTree = "<group>";
		};
		29F0BC661F826BDF003CA75A /* LaunchScreen.storyboard */ = {
			isa = PBXVariantGroup;
			children = (
				29F0BC671F826BDF003CA75A /* Base */,
			);
			name = LaunchScreen.storyboard;
			sourceTree = "<group>";
		};
/* End PBXVariantGroup section */

/* Begin XCBuildConfiguration section */
		29F0BC6A1F826BDF003CA75A /* Debug */ = {
			isa = XCBuildConfiguration;
			buildSettings = {
				ALWAYS_SEARCH_USER_PATHS = NO;
				CLANG_ANALYZER_NONNULL = YES;
				CLANG_ANALYZER_NUMBER_OBJECT_CONVERSION = YES_AGGRESSIVE;
				CLANG_CXX_LANGUAGE_STANDARD = "gnu++0x";
				CLANG_CXX_LIBRARY = "libc++";
				CLANG_ENABLE_MODULES = YES;
				CLANG_ENABLE_OBJC_ARC = YES;
				CLANG_WARN_BOOL_CONVERSION = YES;
				CLANG_WARN_CONSTANT_CONVERSION = YES;
				CLANG_WARN_DIRECT_OBJC_ISA_USAGE = YES_ERROR;
				CLANG_WARN_DOCUMENTATION_COMMENTS = YES;
				CLANG_WARN_EMPTY_BODY = YES;
				CLANG_WARN_ENUM_CONVERSION = YES;
				CLANG_WARN_INFINITE_RECURSION = YES;
				CLANG_WARN_INT_CONVERSION = YES;
				CLANG_WARN_OBJC_ROOT_CLASS = YES_ERROR;
				CLANG_WARN_SUSPICIOUS_MOVE = YES;
				CLANG_WARN_UNREACHABLE_CODE = YES;
				CLANG_WARN__DUPLICATE_METHOD_MATCH = YES;
				"CODE_SIGN_IDENTITY[sdk=iphoneos*]" = "iPhone Developer";
				COPY_PHASE_STRIP = NO;
				DEBUG_INFORMATION_FORMAT = dwarf;
				ENABLE_STRICT_OBJC_MSGSEND = YES;
				ENABLE_TESTABILITY = YES;
				GCC_C_LANGUAGE_STANDARD = gnu99;
				GCC_DYNAMIC_NO_PIC = NO;
				GCC_NO_COMMON_BLOCKS = YES;
				GCC_OPTIMIZATION_LEVEL = 0;
				GCC_PREPROCESSOR_DEFINITIONS = (
					"DEBUG=1",
					"$(inherited)",
				);
				GCC_WARN_64_TO_32_BIT_CONVERSION = YES;
				GCC_WARN_ABOUT_RETURN_TYPE = YES_ERROR;
				GCC_WARN_UNDECLARED_SELECTOR = YES;
				GCC_WARN_UNINITIALIZED_AUTOS = YES_AGGRESSIVE;
				GCC_WARN_UNUSED_FUNCTION = YES;
				GCC_WARN_UNUSED_VARIABLE = YES;
				IPHONEOS_DEPLOYMENT_TARGET = 10.3;
				MTL_ENABLE_DEBUG_INFO = YES;
				ONLY_ACTIVE_ARCH = YES;
				SDKROOT = iphoneos;
				SWIFT_ACTIVE_COMPILATION_CONDITIONS = DEBUG;
				SWIFT_OPTIMIZATION_LEVEL = "-Onone";
				TARGETED_DEVICE_FAMILY = "1,2";
			};
			name = Debug;
		};
		29F0BC6B1F826BDF003CA75A /* Release */ = {
			isa = XCBuildConfiguration;
			buildSettings = {
				ALWAYS_SEARCH_USER_PATHS = NO;
				CLANG_ANALYZER_NONNULL = YES;
				CLANG_ANALYZER_NUMBER_OBJECT_CONVERSION = YES_AGGRESSIVE;
				CLANG_CXX_LANGUAGE_STANDARD = "gnu++0x";
				CLANG_CXX_LIBRARY = "libc++";
				CLANG_ENABLE_MODULES = YES;
				CLANG_ENABLE_OBJC_ARC = YES;
				CLANG_WARN_BOOL_CONVERSION = YES;
				CLANG_WARN_CONSTANT_CONVERSION = YES;
				CLANG_WARN_DIRECT_OBJC_ISA_USAGE = YES_ERROR;
				CLANG_WARN_DOCUMENTATION_COMMENTS = YES;
				CLANG_WARN_EMPTY_BODY = YES;
				CLANG_WARN_ENUM_CONVERSION = YES;
				CLANG_WARN_INFINITE_RECURSION = YES;
				CLANG_WARN_INT_CONVERSION = YES;
				CLANG_WARN_OBJC_ROOT_CLASS = YES_ERROR;
				CLANG_WARN_SUSPICIOUS_MOVE = YES;
				CLANG_WARN_UNREACHABLE_CODE = YES;
				CLANG_WARN__DUPLICATE_METHOD_MATCH = YES;
				"CODE_SIGN_IDENTITY[sdk=iphoneos*]" = "iPhone Developer";
				COPY_PHASE_STRIP = NO;
				DEBUG_INFORMATION_FORMAT = "dwarf-with-dsym";
				ENABLE_NS_ASSERTIONS = NO;
				ENABLE_STRICT_OBJC_MSGSEND = YES;
				GCC_C_LANGUAGE_STANDARD = gnu99;
				GCC_NO_COMMON_BLOCKS = YES;
				GCC_WARN_64_TO_32_BIT_CONVERSION = YES;
				GCC_WARN_ABOUT_RETURN_TYPE = YES_ERROR;
				GCC_WARN_UNDECLARED_SELECTOR = YES;
				GCC_WARN_UNINITIALIZED_AUTOS = YES_AGGRESSIVE;
				GCC_WARN_UNUSED_FUNCTION = YES;
				GCC_WARN_UNUSED_VARIABLE = YES;
				IPHONEOS_DEPLOYMENT_TARGET = 10.3;
				MTL_ENABLE_DEBUG_INFO = NO;
				SDKROOT = iphoneos;
				SWIFT_OPTIMIZATION_LEVEL = "-Owholemodule";
				TARGETED_DEVICE_FAMILY = "1,2";
				VALIDATE_PRODUCT = YES;
			};
			name = Release;
		};
		29F0BC6D1F826BDF003CA75A /* Debug */ = {
			isa = XCBuildConfiguration;
			buildSettings = {
				ASSETCATALOG_COMPILER_APPICON_NAME = AppIcon;
				INFOPLIST_FILE = Geotify/Info.plist;
				LD_RUNPATH_SEARCH_PATHS = "$(inherited) @executable_path/Frameworks";
				PRODUCT_BUNDLE_IDENTIFIER = edu.elon.cs.Geotify;
				PRODUCT_NAME = "$(TARGET_NAME)";
				SWIFT_VERSION = 3.0;
			};
			name = Debug;
		};
		29F0BC6E1F826BDF003CA75A /* Release */ = {
			isa = XCBuildConfiguration;
			buildSettings = {
				ASSETCATALOG_COMPILER_APPICON_NAME = AppIcon;
				INFOPLIST_FILE = Geotify/Info.plist;
				LD_RUNPATH_SEARCH_PATHS = "$(inherited) @executable_path/Frameworks";
				PRODUCT_BUNDLE_IDENTIFIER = edu.elon.cs.Geotify;
				PRODUCT_NAME = "$(TARGET_NAME)";
				SWIFT_VERSION = 3.0;
			};
			name = Release;
		};
/* End XCBuildConfiguration section */

/* Begin XCConfigurationList section */
		29F0BC551F826BDF003CA75A /* Build configuration list for PBXProject "Geotify" */ = {
			isa = XCConfigurationList;
			buildConfigurations = (
				29F0BC6A1F826BDF003CA75A /* Debug */,
				29F0BC6B1F826BDF003CA75A /* Release */,
			);
			defaultConfigurationIsVisible = 0;
			defaultConfigurationName = Release;
		};
		29F0BC6C1F826BDF003CA75A /* Build configuration list for PBXNativeTarget "Geotify" */ = {
			isa = XCConfigurationList;
			buildConfigurations = (
				29F0BC6D1F826BDF003CA75A /* Debug */,
				29F0BC6E1F826BDF003CA75A /* Release */,
			);
			defaultConfigurationIsVisible = 0;
		};
/* End XCConfigurationList section */
	};
	rootObject = 29F0BC521F826BDF003CA75A /* Project object */;
}
